
Microsoft Visual Studio Solution File, Format Version 12.00
# Visual Studio 15
VisualStudioVersion = 15.0.28307.705
MinimumVisualStudioVersion = 10.0.40219.1
Project("{FAE04EC0-301F-11D3-BF4B-00C04F79EFBC}") = "Lib1-Lexical_Analyzer", "Lib1-Lexical_Analyzer\Lib1-Lexical_Analyzer.csproj", "{DC6B5180-7C9A-4C9A-8057-DB9195E99CBD}"
EndProject
Project("{8BC9CEB8-8B4A-11D0-8D11-00A0C91BC942}") = "Lib2-Syntactic_Analysis", "Lib2-Syntactic_Analysis\Lib2-Syntactic_Analysis.vcxproj", "{556C31F7-4688-4B10-ACFE-D1A2E6FF9F6A}"
EndProject
Global
	GlobalSection(SolutionConfigurationPlatforms) = preSolution
		Debug|Any CPU = Debug|Any CPU
		Debug|x64 = Debug|x64
		Debug|x86 = Debug|x86
		Release|Any CPU = Release|Any CPU
		Release|x64 = Release|x64
		Release|x86 = Release|x86
	EndGlobalSection
	GlobalSection(ProjectConfigurationPlatforms) = postSolution
		{DC6B5180-7C9A-4C9A-8057-DB9195E99CBD}.Debug|Any CPU.ActiveCfg = Debug|Any CPU
		{DC6B5180-7C9A-4C9A-8057-DB9195E99CBD}.Debug|Any CPU.Build.0 = Debug|Any CPU
		{DC6B5180-7C9A-4C9A-8057-DB9195E99CBD}.Debug|x64.ActiveCfg = Debug|Any CPU
		{DC6B5180-7C9A-4C9A-8057-DB9195E99CBD}.Debug|x64.Build.0 = Debug|Any CPU
		{DC6B5180-7C9A-4C9A-8057-DB9195E99CBD}.Debug|x86.ActiveCfg = Debug|Any CPU
		{DC6B5180-7C9A-4C9A-8057-DB9195E99CBD}.Debug|x86.Build.0 = Debug|Any CPU
		{DC6B5180-7C9A-4C9A-8057-DB9195E99CBD}.Release|Any CPU.ActiveCfg = Release|Any CPU
		{DC6B5180-7C9A-4C9A-8057-DB9195E99CBD}.Release|Any CPU.Build.0 = Release|Any CPU
		{DC6B5180-7C9A-4C9A-8057-DB9195E99CBD}.Release|x64.ActiveCfg = Release|Any CPU
		{DC6B5180-7C9A-4C9A-8057-DB9195E99CBD}.Release|x64.Build.0 = Release|Any CPU
		{DC6B5180-7C9A-4C9A-8057-DB9195E99CBD}.Release|x86.ActiveCfg = Release|Any CPU
		{DC6B5180-7C9A-4C9A-8057-DB9195E99CBD}.Release|x86.Build.0 = Release|Any CPU
		{556C31F7-4688-4B10-ACFE-D1A2E6FF9F6A}.Debug|Any CPU.ActiveCfg = Debug|Win32
		{556C31F7-4688-4B10-ACFE-D1A2E6FF9F6A}.Debug|x64.ActiveCfg = Debug|x64
		{556C31F7-4688-4B10-ACFE-D1A2E6FF9F6A}.Debug|x64.Build.0 = Debug|x64
		{556C31F7-4688-4B10-ACFE-D1A2E6FF9F6A}.Debug|x86.ActiveCfg = Debug|Win32
		{556C31F7-4688-4B10-ACFE-D1A2E6FF9F6A}.Debug|x86.Build.0 = Debug|Win32
		{556C31F7-4688-4B10-ACFE-D1A2E6FF9F6A}.Release|Any CPU.ActiveCfg = Release|Win32
		{556C31F7-4688-4B10-ACFE-D1A2E6FF9F6A}.Release|x64.ActiveCfg = Release|x64
		{556C31F7-4688-4B10-ACFE-D1A2E6FF9F6A}.Release|x64.Build.0 = Release|x64
		{556C31F7-4688-4B10-ACFE-D1A2E6FF9F6A}.Release|x86.ActiveCfg = Release|Win32
		{556C31F7-4688-4B10-ACFE-D1A2E6FF9F6A}.Release|x86.Build.0 = Release|Win32
	EndGlobalSection
	GlobalSection(SolutionProperties) = preSolution
		HideSolutionNode = FALSE
	EndGlobalSection
	GlobalSection(ExtensibilityGlobals) = postSolution
		SolutionGuid = {AE62C877-9D44-4D7D-8767-65879B317B72}
	EndGlobalSection
EndGlobal
